{
  "name": "default",
  "lockfileVersion": 3,
  "requires": true,
  "packages": {
    "": {
      "dependencies": {
        "@types/screeps": "^3.3.7"
      }
    },
    "node_modules/@types/screeps": {
      "version": "3.3.7",
      "resolved": "https://registry.npmjs.org/@types/screeps/-/screeps-3.3.7.tgz",
      "integrity": "sha512-XS1dh2+MqPQoBvmLNrR8YwxiueSBx8B9RShrH9E+c6gfxBy8VTNaqrbPNtGnqLImHzwCSRNAZiMAF+iUejeZMw=="
    }
  }
}
